// !$*UTF8*$!
{
	archiveVersion = 1;
	classes = {
	};
	objectVersion = 46;
	objects = {

/* Begin PBXBuildFile section */
		276303131D0BEB870093EEF2 /* AppDelegate.swift in Sources */ = {isa = PBXBuildFile; fileRef = 276303121D0BEB870093EEF2 /* AppDelegate.swift */; };
		276303151D0BEB870093EEF2 /* ViewController.swift in Sources */ = {isa = PBXBuildFile; fileRef = 276303141D0BEB870093EEF2 /* ViewController.swift */; };
		276303181D0BEB870093EEF2 /* Main.storyboard in Resources */ = {isa = PBXBuildFile; fileRef = 276303161D0BEB870093EEF2 /* Main.storyboard */; };
		2763031A1D0BEB870093EEF2 /* Assets.xcassets in Resources */ = {isa = PBXBuildFile; fileRef = 276303191D0BEB870093EEF2 /* Assets.xcassets */; };
		2763031D1D0BEB870093EEF2 /* LaunchScreen.storyboard in Resources */ = {isa = PBXBuildFile; fileRef = 2763031B1D0BEB870093EEF2 /* LaunchScreen.storyboard */; };
		276303281D0BEB870093EEF2 /* counttestTests.swift in Sources */ = {isa = PBXBuildFile; fileRef = 276303271D0BEB870093EEF2 /* counttestTests.swift */; };
		276303331D0BEB870093EEF2 /* counttestUITests.swift in Sources */ = {isa = PBXBuildFile; fileRef = 276303321D0BEB870093EEF2 /* counttestUITests.swift */; };
/* End PBXBuildFile section */

/* Begin PBXContainerItemProxy section */
		276303241D0BEB870093EEF2 /* PBXContainerItemProxy */ = {
			isa = PBXContainerItemProxy;
			containerPortal = 276303071D0BEB870093EEF2 /* Project object */;
			proxyType = 1;
			remoteGlobalIDString = 2763030E1D0BEB870093EEF2;
			remoteInfo = counttest;
		};
		2763032F1D0BEB870093EEF2 /* PBXContainerItemProxy */ = {
			isa = PBXContainerItemProxy;
			containerPortal = 276303071D0BEB870093EEF2 /* Project object */;
			proxyType = 1;
			remoteGlobalIDString = 2763030E1D0BEB870093EEF2;
			remoteInfo = counttest;
		};
/* End PBXContainerItemProxy section */

/* Begin PBXFileReference section */
		2763030F1D0BEB870093EEF2 /* counttest.app */ = {isa = PBXFileReference; explicitFileType = wrapper.application; includeInIndex = 0; path = counttest.app; sourceTree = BUILT_PRODUCTS_DIR; };
		276303121D0BEB870093EEF2 /* AppDelegate.swift */ = {isa = PBXFileReference; lastKnownFileType = sourcecode.swift; path = AppDelegate.swift; sourceTree = "<group>"; };
		276303141D0BEB870093EEF2 /* ViewController.swift */ = {isa = PBXFileReference; lastKnownFileType = sourcecode.swift; path = ViewController.swift; sourceTree = "<group>"; };
		276303171D0BEB870093EEF2 /* Base */ = {isa = PBXFileReference; lastKnownFileType = file.storyboard; name = Base; path = Base.lproj/Main.storyboard; sourceTree = "<group>"; };
		276303191D0BEB870093EEF2 /* Assets.xcassets */ = {isa = PBXFileReference; lastKnownFileType = folder.assetcatalog; path = Assets.xcassets; sourceTree = "<group>"; };
		2763031C1D0BEB870093EEF2 /* Base */ = {isa = PBXFileReference; lastKnownFileType = file.storyboard; name = Base; path = Base.lproj/LaunchScreen.storyboard; sourceTree = "<group>"; };
		2763031E1D0BEB870093EEF2 /* Info.plist */ = {isa = PBXFileReference; lastKnownFileType = text.plist.xml; path = Info.plist; sourceTree = "<group>"; };
		276303231D0BEB870093EEF2 /* counttestTests.xctest */ = {isa = PBXFileReference; explicitFileType = wrapper.cfbundle; includeInIndex = 0; path = counttestTests.xctest; sourceTree = BUILT_PRODUCTS_DIR; };
		276303271D0BEB870093EEF2 /* counttestTests.swift */ = {isa = PBXFileReference; lastKnownFileType = sourcecode.swift; path = counttestTests.swift; sourceTree = "<group>"; };
		276303291D0BEB870093EEF2 /* Info.plist */ = {isa = PBXFileReference; lastKnownFileType = text.plist.xml; path = Info.plist; sourceTree = "<group>"; };
		2763032E1D0BEB870093EEF2 /* counttestUITests.xctest */ = {isa = PBXFileReference; explicitFileType = wrapper.cfbundle; includeInIndex = 0; path = counttestUITests.xctest; sourceTree = BUILT_PRODUCTS_DIR; };
		276303321D0BEB870093EEF2 /* counttestUITests.swift */ = {isa = PBXFileReference; lastKnownFileType = sourcecode.swift; path = counttestUITests.swift; sourceTree = "<group>"; };
		276303341D0BEB870093EEF2 /* Info.plist */ = {isa = PBXFileReference; lastKnownFileType = text.plist.xml; path = Info.plist; sourceTree = "<group>"; };
/* End PBXFileReference section */

/* Begin PBXFrameworksBuildPhase section */
		2763030C1D0BEB870093EEF2 /* Frameworks */ = {
			isa = PBXFrameworksBuildPhase;
			buildActionMask = 2147483647;
			files = (
			);
			runOnlyForDeploymentPostprocessing = 0;
		};
		276303201D0BEB870093EEF2 /* Frameworks */ = {
			isa = PBXFrameworksBuildPhase;
			buildActionMask = 2147483647;
			files = (
			);
			runOnlyForDeploymentPostprocessing = 0;
		};
		2763032B1D0BEB870093EEF2 /* Frameworks */ = {
			isa = PBXFrameworksBuildPhase;
			buildActionMask = 2147483647;
			files = (
			);
			runOnlyForDeploymentPostprocessing = 0;
		};
/* End PBXFrameworksBuildPhase section */

/* Begin PBXGroup section */
		276303061D0BEB870093EEF2 = {
			isa = PBXGroup;
			children = (
				276303111D0BEB870093EEF2 /* counttest */,
				276303261D0BEB870093EEF2 /* counttestTests */,
				276303311D0BEB870093EEF2 /* counttestUITests */,
				276303101D0BEB870093EEF2 /* Products */,
			);
			sourceTree = "<group>";
		};
		276303101D0BEB870093EEF2 /* Products */ = {
			isa = PBXGroup;
			children = (
				2763030F1D0BEB870093EEF2 /* counttest.app */,
				276303231D0BEB870093EEF2 /* counttestTests.xctest */,
				2763032E1D0BEB870093EEF2 /* counttestUITests.xctest */,
			);
			name = Products;
			sourceTree = "<group>";
		};
		276303111D0BEB870093EEF2 /* counttest */ = {
			isa = PBXGroup;
			children = (
				276303121D0BEB870093EEF2 /* AppDelegate.swift */,
				276303141D0BEB870093EEF2 /* ViewController.swift */,
				276303161D0BEB870093EEF2 /* Main.storyboard */,
				276303191D0BEB870093EEF2 /* Assets.xcassets */,
				2763031B1D0BEB870093EEF2 /* LaunchScreen.storyboard */,
				2763031E1D0BEB870093EEF2 /* Info.plist */,
			);
			path = counttest;
			sourceTree = "<group>";
		};
		276303261D0BEB870093EEF2 /* counttestTests */ = {
			isa = PBXGroup;
			children = (
				276303271D0BEB870093EEF2 /* counttestTests.swift */,
				276303291D0BEB870093EEF2 /* Info.plist */,
			);
			path = counttestTests;
			sourceTree = "<group>";
		};
		276303311D0BEB870093EEF2 /* counttestUITests */ = {
			isa = PBXGroup;
			children = (
				276303321D0BEB870093EEF2 /* counttestUITests.swift */,
				276303341D0BEB870093EEF2 /* Info.plist */,
			);
			path = counttestUITests;
			sourceTree = "<group>";
		};
/* End PBXGroup section */

/* Begin PBXNativeTarget section */
		2763030E1D0BEB870093EEF2 /* counttest */ = {
			isa = PBXNativeTarget;
			buildConfigurationList = 276303371D0BEB870093EEF2 /* Build configuration list for PBXNativeTarget "counttest" */;
			buildPhases = (
				2763030B1D0BEB870093EEF2 /* Sources */,
				2763030C1D0BEB870093EEF2 /* Frameworks */,
				2763030D1D0BEB870093EEF2 /* Resources */,
			);
			buildRules = (
			);
			dependencies = (
			);
			name = counttest;
			productName = counttest;
			productReference = 2763030F1D0BEB870093EEF2 /* counttest.app */;
			productType = "com.apple.product-type.application";
		};
		276303221D0BEB870093EEF2 /* counttestTests */ = {
			isa = PBXNativeTarget;
			buildConfigurationList = 2763033A1D0BEB870093EEF2 /* Build configuration list for PBXNativeTarget "counttestTests" */;
			buildPhases = (
				2763031F1D0BEB870093EEF2 /* Sources */,
				276303201D0BEB870093EEF2 /* Frameworks */,
				276303211D0BEB870093EEF2 /* Resources */,
			);
			buildRules = (
			);
			dependencies = (
				276303251D0BEB870093EEF2 /* PBXTargetDependency */,
			);
			name = counttestTests;
			productName = counttestTests;
			productReference = 276303231D0BEB870093EEF2 /* counttestTests.xctest */;
			productType = "com.apple.product-type.bundle.unit-test";
		};
		2763032D1D0BEB870093EEF2 /* counttestUITests */ = {
			isa = PBXNativeTarget;
			buildConfigurationList = 2763033D1D0BEB870093EEF2 /* Build configuration list for PBXNativeTarget "counttestUITests" */;
			buildPhases = (
				2763032A1D0BEB870093EEF2 /* Sources */,
				2763032B1D0BEB870093EEF2 /* Frameworks */,
				2763032C1D0BEB870093EEF2 /* Resources */,
			);
			buildRules = (
			);
			dependencies = (
				276303301D0BEB870093EEF2 /* PBXTargetDependency */,
			);
			name = counttestUITests;
			productName = counttestUITests;
			productReference = 2763032E1D0BEB870093EEF2 /* counttestUITests.xctest */;
			productType = "com.apple.product-type.bundle.ui-testing";
		};
/* End PBXNativeTarget section */

/* Begin PBXProject section */
		276303071D0BEB870093EEF2 /* Project object */ = {
			isa = PBXProject;
			attributes = {
				LastSwiftUpdateCheck = 0730;
				LastUpgradeCheck = 0730;
				ORGANIZATIONNAME = "Tatsuya Fukushima";
				TargetAttributes = {
					2763030E1D0BEB870093EEF2 = {
						CreatedOnToolsVersion = 7.3.1;
						DevelopmentTeam = 98G7MS2742;
					};
					276303221D0BEB870093EEF2 = {
						CreatedOnToolsVersion = 7.3.1;
						DevelopmentTeam = 98G7MS2742;
						TestTargetID = 2763030E1D0BEB870093EEF2;
					};
					2763032D1D0BEB870093EEF2 = {
						CreatedOnToolsVersion = 7.3.1;
						DevelopmentTeam = 98G7MS2742;
						TestTargetID = 2763030E1D0BEB870093EEF2;
					};
				};
			};
			buildConfigurationList = 2763030A1D0BEB870093EEF2 /* Build configuration list for PBXProject "counttest" */;
			compatibilityVersion = "Xcode 3.2";
			developmentRegion = English;
			hasScannedForEncodings = 0;
			knownRegions = (
				en,
				Base,
			);
			mainGroup = 276303061D0BEB870093EEF2;
			productRefGroup = 276303101D0BEB870093EEF2 /* Products */;
			projectDirPath = "";
			projectRoot = "";
			targets = (
				2763030E1D0BEB870093EEF2 /* counttest */,
				276303221D0BEB870093EEF2 /* counttestTests */,
				2763032D1D0BEB870093EEF2 /* counttestUITests */,
			);
		};
/* End PBXProject section */

/* Begin PBXResourcesBuildPhase section */
		2763030D1D0BEB870093EEF2 /* Resources */ = {
			isa = PBXResourcesBuildPhase;
			buildActionMask = 2147483647;
			files = (
				2763031D1D0BEB870093EEF2 /* LaunchScreen.storyboard in Resources */,
				2763031A1D0BEB870093EEF2 /* Assets.xcassets in Resources */,
				276303181D0BEB870093EEF2 /* Main.storyboard in Resources */,
			);
			runOnlyForDeploymentPostprocessing = 0;
		};
		276303211D0BEB870093EEF2 /* Resources */ = {
			isa = PBXResourcesBuildPhase;
			buildActionMask = 2147483647;
			files = (
			);
			runOnlyForDeploymentPostprocessing = 0;
		};
		2763032C1D0BEB870093EEF2 /* Resources */ = {
			isa = PBXResourcesBuildPhase;
			buildActionMask = 2147483647;
			files = (
			);
			runOnlyForDeploymentPostprocessing = 0;
		};
/* End PBXResourcesBuildPhase section */

/* Begin PBXSourcesBuildPhase section */
		2763030B1D0BEB870093EEF2 /* Sources */ = {
			isa = PBXSourcesBuildPhase;
			buildActionMask = 2147483647;
			files = (
				276303151D0BEB870093EEF2 /* ViewController.swift in Sources */,
				276303131D0BEB870093EEF2 /* AppDelegate.swift in Sources */,
			);
			runOnlyForDeploymentPostprocessing = 0;
		};
		2763031F1D0BEB870093EEF2 /* Sources */ = {
			isa = PBXSourcesBuildPhase;
			buildActionMask = 2147483647;
			files = (
				276303281D0BEB870093EEF2 /* counttestTests.swift in Sources */,
			);
			runOnlyForDeploymentPostprocessing = 0;
		};
		2763032A1D0BEB870093EEF2 /* Sources */ = {
			isa = PBXSourcesBuildPhase;
			buildActionMask = 2147483647;
			files = (
				276303331D0BEB870093EEF2 /* counttestUITests.swift in Sources */,
			);
			runOnlyForDeploymentPostprocessing = 0;
		};
/* End PBXSourcesBuildPhase section */

/* Begin PBXTargetDependency section */
		276303251D0BEB870093EEF2 /* PBXTargetDependency */ = {
			isa = PBXTargetDependency;
			target = 2763030E1D0BEB870093EEF2 /* counttest */;
			targetProxy = 276303241D0BEB870093EEF2 /* PBXContainerItemProxy */;
		};
		276303301D0BEB870093EEF2 /* PBXTargetDependency */ = {
			isa = PBXTargetDependency;
			target = 2763030E1D0BEB870093EEF2 /* counttest */;
			targetProxy = 2763032F1D0BEB870093EEF2 /* PBXContainerItemProxy */;
		};
/* End PBXTargetDependency section */

/* Begin PBXVariantGroup section */
		276303161D0BEB870093EEF2 /* Main.storyboard */ = {
			isa = PBXVariantGroup;
			children = (
				276303171D0BEB870093EEF2 /* Base */,
			);
			name = Main.storyboard;
			sourceTree = "<group>";
		};
		2763031B1D0BEB870093EEF2 /* LaunchScreen.storyboard */ = {
			isa = PBXVariantGroup;
			children = (
				2763031C1D0BEB870093EEF2 /* Base */,
			);
			name = LaunchScreen.storyboard;
			sourceTree = "<group>";
		};
/* End PBXVariantGroup section */

/* Begin XCBuildConfiguration section */
		276303351D0BEB870093EEF2 /* Debug */ = {
			isa = XCBuildConfiguration;
			buildSettings = {
				ALWAYS_SEARCH_USER_PATHS = NO;
				CLANG_ANALYZER_NONNULL = YES;
				CLANG_CXX_LANGUAGE_STANDARD = "gnu++0x";
				CLANG_CXX_LIBRARY = "libc++";
				CLANG_ENABLE_MODULES = YES;
				CLANG_ENABLE_OBJC_ARC = YES;
				CLANG_WARN_BOOL_CONVERSION = YES;
				CLANG_WARN_CONSTANT_CONVERSION = YES;
				CLANG_WARN_DIRECT_OBJC_ISA_USAGE = YES_ERROR;
				CLANG_WARN_EMPTY_BODY = YES;
				CLANG_WARN_ENUM_CONVERSION = YES;
				CLANG_WARN_INT_CONVERSION = YES;
				CLANG_WARN_OBJC_ROOT_CLASS = YES_ERROR;
				CLANG_WARN_UNREACHABLE_CODE = YES;
				CLANG_WARN__DUPLICATE_METHOD_MATCH = YES;
				"CODE_SIGN_IDENTITY[sdk=iphoneos*]" = "iPhone Developer";
				COPY_PHASE_STRIP = NO;
				DEBUG_INFORMATION_FORMAT = dwarf;
				ENABLE_STRICT_OBJC_MSGSEND = YES;
				ENABLE_TESTABILITY = YES;
				GCC_C_LANGUAGE_STANDARD = gnu99;
				GCC_DYNAMIC_NO_PIC = NO;
				GCC_NO_COMMON_BLOCKS = YES;
				GCC_OPTIMIZATION_LEVEL = 0;
				GCC_PREPROCESSOR_DEFINITIONS = (
					"DEBUG=1",
					"$(inherited)",
				);
				GCC_WARN_64_TO_32_BIT_CONVERSION = YES;
				GCC_WARN_ABOUT_RETURN_TYPE = YES_ERROR;
				GCC_WARN_UNDECLARED_SELECTOR = YES;
				GCC_WARN_UNINITIALIZED_AUTOS = YES_AGGRESSIVE;
				GCC_WARN_UNUSED_FUNCTION = YES;
				GCC_WARN_UNUSED_VARIABLE = YES;
				IPHONEOS_DEPLOYMENT_TARGET = 9.3;
				MTL_ENABLE_DEBUG_INFO = YES;
				ONLY_ACTIVE_ARCH = YES;
				SDKROOT = iphoneos;
				SWIFT_OPTIMIZATION_LEVEL = "-Onone";
			};
			name = Debug;
		};
		276303361D0BEB870093EEF2 /* Release */ = {
			isa = XCBuildConfiguration;
			buildSettings = {
				ALWAYS_SEARCH_USER_PATHS = NO;
				CLANG_ANALYZER_NONNULL = YES;
				CLANG_CXX_LANGUAGE_STANDARD = "gnu++0x";
				CLANG_CXX_LIBRARY = "libc++";
				CLANG_ENABLE_MODULES = YES;
				CLANG_ENABLE_OBJC_ARC = YES;
				CLANG_WARN_BOOL_CONVERSION = YES;
				CLANG_WARN_CONSTANT_CONVERSION = YES;
				CLANG_WARN_DIRECT_OBJC_ISA_USAGE = YES_ERROR;
				CLANG_WARN_EMPTY_BODY = YES;
				CLANG_WARN_ENUM_CONVERSION = YES;
				CLANG_WARN_INT_CONVERSION = YES;
				CLANG_WARN_OBJC_ROOT_CLASS = YES_ERROR;
				CLANG_WARN_UNREACHABLE_CODE = YES;
				CLANG_WARN__DUPLICATE_METHOD_MATCH = YES;
				"CODE_SIGN_IDENTITY[sdk=iphoneos*]" = "iPhone Developer";
				COPY_PHASE_STRIP = NO;
				DEBUG_INFORMATION_FORMAT = "dwarf-with-dsym";
				ENABLE_NS_ASSERTIONS = NO;
				ENABLE_STRICT_OBJC_MSGSEND = YES;
				GCC_C_LANGUAGE_STANDARD = gnu99;
				GCC_NO_COMMON_BLOCKS = YES;
				GCC_WARN_64_TO_32_BIT_CONVERSION = YES;
				GCC_WARN_ABOUT_RETURN_TYPE = YES_ERROR;
				GCC_WARN_UNDECLARED_SELECTOR = YES;
				GCC_WARN_UNINITIALIZED_AUTOS = YES_AGGRESSIVE;
				GCC_WARN_UNUSED_FUNCTION = YES;
				GCC_WARN_UNUSED_VARIABLE = YES;
				IPHONEOS_DEPLOYMENT_TARGET = 9.3;
				MTL_ENABLE_DEBUG_INFO = NO;
				SDKROOT = iphoneos;
				VALIDATE_PRODUCT = YES;
			};
			name = Release;
		};
		276303381D0BEB870093EEF2 /* Debug */ = {
			isa = XCBuildConfiguration;
			buildSettings = {
				ASSETCATALOG_COMPILER_APPICON_NAME = AppIcon;
				INFOPLIST_FILE = counttest/Info.plist;
				LD_RUNPATH_SEARCH_PATHS = "$(inherited) @executable_path/Frameworks";
				PRODUCT_BUNDLE_IDENTIFIER = "Tatsuya-Fukushima.counttest";
				PRODUCT_NAME = "$(TARGET_NAME)";
			};
			name = Debug;
		};
		276303391D0BEB870093EEF2 /* Release */ = {
			isa = XCBuildConfiguration;
			buildSettings = {
				ASSETCATALOG_COMPILER_APPICON_NAME = AppIcon;
				INFOPLIST_FILE = counttest/Info.plist;
				LD_RUNPATH_SEARCH_PATHS = "$(inherited) @executable_path/Frameworks";
				PRODUCT_BUNDLE_IDENTIFIER = "Tatsuya-Fukushima.counttest";
				PRODUCT_NAME = "$(TARGET_NAME)";
			};
			name = Release;
		};
		2763033B1D0BEB870093EEF2 /* Debug */ = {
			isa = XCBuildConfiguration;
			buildSettings = {
				BUNDLE_LOADER = "$(TEST_HOST)";
				INFOPLIST_FILE = counttestTests/Info.plist;
				LD_RUNPATH_SEARCH_PATHS = "$(inherited) @executable_path/Frameworks @loader_path/Frameworks";
				PRODUCT_BUNDLE_IDENTIFIER = "Tatsuya-Fukushima.counttestTests";
				PRODUCT_NAME = "$(TARGET_NAME)";
				TEST_HOST = "$(BUILT_PRODUCTS_DIR)/counttest.app/counttest";
			};
			name = Debug;
		};
		2763033C1D0BEB870093EEF2 /* Release */ = {
			isa = XCBuildConfiguration;
			buildSettings = {
				BUNDLE_LOADER = "$(TEST_HOST)";
				INFOPLIST_FILE = counttestTests/Info.plist;
				LD_RUNPATH_SEARCH_PATHS = "$(inherited) @executable_path/Frameworks @loader_path/Frameworks";
				PRODUCT_BUNDLE_IDENTIFIER = "Tatsuya-Fukushima.counttestTests";
				PRODUCT_NAME = "$(TARGET_NAME)";
				TEST_HOST = "$(BUILT_PRODUCTS_DIR)/counttest.app/counttest";
			};
			name = Release;
		};
		2763033E1D0BEB870093EEF2 /* Debug */ = {
			isa = XCBuildConfiguration;
			buildSettings = {
				INFOPLIST_FILE = counttestUITests/Info.plist;
				LD_RUNPATH_SEARCH_PATHS = "$(inherited) @executable_path/Frameworks @loader_path/Frameworks";
				PRODUCT_BUNDLE_IDENTIFIER = "Tatsuya-Fukushima.counttestUITests";
				PRODUCT_NAME = "$(TARGET_NAME)";
				TEST_TARGET_NAME = counttest;
			};
			name = Debug;
		};
		2763033F1D0BEB870093EEF2 /* Release */ = {
			isa = XCBuildConfiguration;
			buildSettings = {
				INFOPLIST_FILE = counttestUITests/Info.plist;
				LD_RUNPATH_SEARCH_PATHS = "$(inherited) @executable_path/Frameworks @loader_path/Frameworks";
				PRODUCT_BUNDLE_IDENTIFIER = "Tatsuya-Fukushima.counttestUITests";
				PRODUCT_NAME = "$(TARGET_NAME)";
				TEST_TARGET_NAME = counttest;
			};
			name = Release;
		};
/* End XCBuildConfiguration section */

/* Begin XCConfigurationList section */
		2763030A1D0BEB870093EEF2 /* Build configuration list for PBXProject "counttest" */ = {
			isa = XCConfigurationList;
			buildConfigurations = (
				276303351D0BEB870093EEF2 /* Debug */,
				276303361D0BEB870093EEF2 /* Release */,
			);
			defaultConfigurationIsVisible = 0;
			defaultConfigurationName = Release;
		};
		276303371D0BEB870093EEF2 /* Build configuration list for PBXNativeTarget "counttest" */ = {
			isa = XCConfigurationList;
			buildConfigurations = (
				276303381D0BEB870093EEF2 /* Debug */,
				276303391D0BEB870093EEF2 /* Release */,
			);
			defaultConfigurationIsVisible = 0;
		};
		2763033A1D0BEB870093EEF2 /* Build configuration list for PBXNativeTarget "counttestTests" */ = {
			isa = XCConfigurationList;
			buildConfigurations = (
				2763033B1D0BEB870093EEF2 /* Debug */,
				2763033C1D0BEB870093EEF2 /* Release */,
			);
			defaultConfigurationIsVisible = 0;
		};
		2763033D1D0BEB870093EEF2 /* Build configuration list for PBXNativeTarget "counttestUITests" */ = {
			isa = XCConfigurationList;
			buildConfigurations = (
				2763033E1D0BEB870093EEF2 /* Debug */,
				2763033F1D0BEB870093EEF2 /* Release */,
			);
			defaultConfigurationIsVisible = 0;
		};
/* End XCConfigurationList section */
	};
	rootObject = 276303071D0BEB870093EEF2 /* Project object */;
}
